{
  "name": "week3",
  "version": "1.0.0",
  "lockfileVersion": 3,
  "requires": true,
  "packages": {
    "": {
      "name": "week3",
      "version": "1.0.0",
      "license": "ISC",
      "dependencies": {
        "famous-last-words": "^0.6.0",
        "inspirational-quotes": "^1.0.8",
        "popular-movie-quotes": "^1.2.4",
        "superheroes": "^3.0.0",
        "supervillains": "^3.0.0"
      }
    },
    "node_modules/famous-last-words": {
      "version": "0.6.0",
      "resolved": "https://registry.npmjs.org/famous-last-words/-/famous-last-words-0.6.0.tgz",
      "integrity": "sha512-fY8rlyVJzVlQ+w9p7PFkVKNsoYo+VCOWbUExJrLozXQbDPtz8+uCyLGGBlmGpU+LRNivXj+CtAo7ojXqG8k86A==",
      "license": "MIT",
      "engines": {
        "node": ">=4"
      }
    },
    "node_modules/inspirational-quotes": {
      "version": "1.0.8",
      "resolved": "https://registry.npmjs.org/inspirational-quotes/-/inspirational-quotes-1.0.8.tgz",
      "integrity": "sha512-G6bUixnxETEac36tXWT/EuSJ2BzZ+smiBb8cKYLYOiGgdaRnBiwhMouLB+l0eLmAa3Pokz04pto6i4Ro2UomkA==",
      "license": "MIT"
    },
    "node_modules/popular-movie-quotes": {
      "version": "1.2.4",
      "resolved": "https://registry.npmjs.org/popular-movie-quotes/-/popular-movie-quotes-1.2.4.tgz",
      "integrity": "sha512-YOwjB6cKq+RIwbrlPONH0jP14XoBfSHtBGWxm+ZQGGvHLKYBhdoaPZcTBZgC+HV7xY4W4GTQO2Wj7Go5hP1n/w==",
      "license": "MIT"
    },
    "node_modules/superheroes": {
      "version": "3.0.0",
      "resolved": "https://registry.npmjs.org/superheroes/-/superheroes-3.0.0.tgz",
      "integrity": "sha512-XXXzeKHMnf0rmZItYkGU803JlqYpoxvxzKFoe6k8C4bolcKfLZH716Rm4DyNJhxPTurbzDEB/QC7TXGsoei+ew==",
      "license": "MIT",
      "dependencies": {
        "unique-random-array": "^2.0.0"
      },
      "engines": {
        "node": ">=8"
      }
    },
    "node_modules/supervillains": {
      "version": "3.1.0",
      "resolved": "https://registry.npmjs.org/supervillains/-/supervillains-3.1.0.tgz",
      "integrity": "sha512-FQGzZ8bp8SgxXf25/Uo94qRxDtGvGFuDEqO8n5h2x0YDIKKmRHkZ1IIf/hIGhiAQH09deS/puTSPNwjQpNgTgw==",
      "license": "MIT",
      "dependencies": {
        "unique-random-array": "^2.0.0"
      },
      "engines": {
        "node": ">=8"
      }
    },
    "node_modules/unique-random": {
      "version": "2.1.0",
      "resolved": "https://registry.npmjs.org/unique-random/-/unique-random-2.1.0.tgz",
      "integrity": "sha512-iQ1ZgWac3b8YxGThecQFRQiqgk6xFERRwHZIWeVVsqlbmgCRl0PY13R4mUkodNgctmg5b5odG1nyW/IbOxQTqg==",
      "license": "MIT",
      "engines": {
        "node": ">=6"
      }
    },
    "node_modules/unique-random-array": {
      "version": "2.0.0",
      "resolved": "https://registry.npmjs.org/unique-random-array/-/unique-random-array-2.0.0.tgz",
      "integrity": "sha512-xR87O95fZ7hljw84J8r1YDXrvffPLWN513BNOP4Bv0KcgG5dyEUrHwsvP7mVAOKg4Y80uqRbpUk0GKr8il70qg==",
      "license": "MIT",
      "dependencies": {
        "unique-random": "^2.1.0"
      },
      "engines": {
        "node": ">=8"
      }
    }
  }
}
